
Microsoft Visual Studio Solution File, Format Version 12.00
# Visual Studio 15
Project("{FAE04EC0-301F-11D3-BF4B-00C04F79EFBC}") = "Assembly-CSharp", "Assembly-CSharp.csproj", "{57444195-E363-6D0F-9F57-BC6DC15A4D6C}"
EndProject
Global
	GlobalSection(SolutionConfigurationPlatforms) = preSolution
		Debug|Any CPU = Debug|Any CPU
		Release|Any CPU = Release|Any CPU
	EndGlobalSection
	GlobalSection(ProjectConfigurationPlatforms) = postSolution
		{57444195-E363-6D0F-9F57-BC6DC15A4D6C}.Debug|Any CPU.ActiveCfg = Debug|Any CPU
		{57444195-E363-6D0F-9F57-BC6DC15A4D6C}.Debug|Any CPU.Build.0 = Debug|Any CPU
		{57444195-E363-6D0F-9F57-BC6DC15A4D6C}.Release|Any CPU.ActiveCfg = Release|Any CPU
		{57444195-E363-6D0F-9F57-BC6DC15A4D6C}.Release|Any CPU.Build.0 = Release|Any CPU
	EndGlobalSection
	GlobalSection(SolutionProperties) = preSolution
		HideSolutionNode = FALSE
	EndGlobalSection
EndGlobal
